
Microsoft Visual Studio Solution File, Format Version 12.00
# Visual Studio Version 17
VisualStudioVersion = 17.0.31919.166
MinimumVisualStudioVersion = 10.0.40219.1
Project("{FAE04EC0-301F-11D3-BF4B-00C04F79EFBC}") = "Sirius", "Sirius\Sirius.csproj", "{FEF8D24B-B163-4703-96B0-7BEEBB586027}"
EndProject
Global
	GlobalSection(SolutionConfigurationPlatforms) = preSolution
		Debug|Any CPU = Debug|Any CPU
		Release|Any CPU = Release|Any CPU
	EndGlobalSection
	GlobalSection(ProjectConfigurationPlatforms) = postSolution
		{FEF8D24B-B163-4703-96B0-7BEEBB586027}.Debug|Any CPU.ActiveCfg = Debug|Any CPU
		{FEF8D24B-B163-4703-96B0-7BEEBB586027}.Debug|Any CPU.Build.0 = Debug|Any CPU
		{FEF8D24B-B163-4703-96B0-7BEEBB586027}.Release|Any CPU.ActiveCfg = Release|Any CPU
		{FEF8D24B-B163-4703-96B0-7BEEBB586027}.Release|Any CPU.Build.0 = Release|Any CPU
	EndGlobalSection
	GlobalSection(SolutionProperties) = preSolution
		HideSolutionNode = FALSE
	EndGlobalSection
	GlobalSection(ExtensibilityGlobals) = postSolution
		SolutionGuid = {CB16FC39-C8F0-4371-9BFF-A6AE6884EE9A}
	EndGlobalSection
EndGlobal
